
Microsoft Visual Studio Solution File, Format Version 12.00
# Visual Studio Version 16
VisualStudioVersion = 16.0.29721.120
MinimumVisualStudioVersion = 10.0.40219.1
Project("{2150E333-8FDC-42A3-9474-1A3956D46DE8}") = "src", "src", "{D981EA41-8CDA-4C4C-904A-6E8BDDCA3E9E}"
EndProject
Project("{FAE04EC0-301F-11D3-BF4B-00C04F79EFBC}") = "Bien.Core", "Src\Bien.Core\Bien.Core.csproj", "{6E733BE6-95E8-431A-9F5F-ED1D3D24621A}"
EndProject
Project("{9A19103F-16F7-4668-BE54-9A1E7A4F7556}") = "Bien.WebApp", "Src\Bien.WebApp\Bien.WebApp.csproj", "{895DAA18-2981-4761-A86B-654C6066759C}"
EndProject
Project("{FAE04EC0-301F-11D3-BF4B-00C04F79EFBC}") = "Bien.DataAcess", "Src\Bien.DataAcess\Bien.DataAcess.csproj", "{75782CCD-EBE6-4AD0-BAF1-B7D6816C0FD1}"
EndProject
Global
	GlobalSection(SolutionConfigurationPlatforms) = preSolution
		Debug|Any CPU = Debug|Any CPU
		Release|Any CPU = Release|Any CPU
	EndGlobalSection
	GlobalSection(ProjectConfigurationPlatforms) = postSolution
		{6E733BE6-95E8-431A-9F5F-ED1D3D24621A}.Debug|Any CPU.ActiveCfg = Debug|Any CPU
		{6E733BE6-95E8-431A-9F5F-ED1D3D24621A}.Debug|Any CPU.Build.0 = Debug|Any CPU
		{6E733BE6-95E8-431A-9F5F-ED1D3D24621A}.Release|Any CPU.ActiveCfg = Release|Any CPU
		{6E733BE6-95E8-431A-9F5F-ED1D3D24621A}.Release|Any CPU.Build.0 = Release|Any CPU
		{895DAA18-2981-4761-A86B-654C6066759C}.Debug|Any CPU.ActiveCfg = Debug|Any CPU
		{895DAA18-2981-4761-A86B-654C6066759C}.Debug|Any CPU.Build.0 = Debug|Any CPU
		{895DAA18-2981-4761-A86B-654C6066759C}.Release|Any CPU.ActiveCfg = Release|Any CPU
		{895DAA18-2981-4761-A86B-654C6066759C}.Release|Any CPU.Build.0 = Release|Any CPU
		{75782CCD-EBE6-4AD0-BAF1-B7D6816C0FD1}.Debug|Any CPU.ActiveCfg = Debug|Any CPU
		{75782CCD-EBE6-4AD0-BAF1-B7D6816C0FD1}.Debug|Any CPU.Build.0 = Debug|Any CPU
		{75782CCD-EBE6-4AD0-BAF1-B7D6816C0FD1}.Release|Any CPU.ActiveCfg = Release|Any CPU
		{75782CCD-EBE6-4AD0-BAF1-B7D6816C0FD1}.Release|Any CPU.Build.0 = Release|Any CPU
	EndGlobalSection
	GlobalSection(SolutionProperties) = preSolution
		HideSolutionNode = FALSE
	EndGlobalSection
	GlobalSection(NestedProjects) = preSolution
		{6E733BE6-95E8-431A-9F5F-ED1D3D24621A} = {D981EA41-8CDA-4C4C-904A-6E8BDDCA3E9E}
		{895DAA18-2981-4761-A86B-654C6066759C} = {D981EA41-8CDA-4C4C-904A-6E8BDDCA3E9E}
		{75782CCD-EBE6-4AD0-BAF1-B7D6816C0FD1} = {D981EA41-8CDA-4C4C-904A-6E8BDDCA3E9E}
	EndGlobalSection
	GlobalSection(ExtensibilityGlobals) = postSolution
		SolutionGuid = {D726D5FA-36C4-4111-AE1C-1E9675BCC93D}
	EndGlobalSection
EndGlobal
